
Microsoft Visual Studio Solution File, Format Version 12.00
# Visual Studio Version 16
VisualStudioVersion = 16.0.29613.14
MinimumVisualStudioVersion = 10.0.40219.1
Project("{FAE04EC0-301F-11D3-BF4B-00C04F79EFBC}") = "drobi", "drobi\drobi.csproj", "{45EAF2F4-AB8F-46F9-8049-A96AEB14807F}"
EndProject
Project("{FAE04EC0-301F-11D3-BF4B-00C04F79EFBC}") = "UnitTestProject1", "UnitTestProject1\UnitTestProject1.csproj", "{D3C77363-7509-4D01-ACBB-EC04A33B74A2}"
EndProject
Global
	GlobalSection(SolutionConfigurationPlatforms) = preSolution
		Debug|Any CPU = Debug|Any CPU
		Release|Any CPU = Release|Any CPU
	EndGlobalSection
	GlobalSection(ProjectConfigurationPlatforms) = postSolution
		{45EAF2F4-AB8F-46F9-8049-A96AEB14807F}.Debug|Any CPU.ActiveCfg = Debug|Any CPU
		{45EAF2F4-AB8F-46F9-8049-A96AEB14807F}.Debug|Any CPU.Build.0 = Debug|Any CPU
		{45EAF2F4-AB8F-46F9-8049-A96AEB14807F}.Release|Any CPU.ActiveCfg = Release|Any CPU
		{45EAF2F4-AB8F-46F9-8049-A96AEB14807F}.Release|Any CPU.Build.0 = Release|Any CPU
		{D3C77363-7509-4D01-ACBB-EC04A33B74A2}.Debug|Any CPU.ActiveCfg = Debug|Any CPU
		{D3C77363-7509-4D01-ACBB-EC04A33B74A2}.Debug|Any CPU.Build.0 = Debug|Any CPU
		{D3C77363-7509-4D01-ACBB-EC04A33B74A2}.Release|Any CPU.ActiveCfg = Release|Any CPU
		{D3C77363-7509-4D01-ACBB-EC04A33B74A2}.Release|Any CPU.Build.0 = Release|Any CPU
	EndGlobalSection
	GlobalSection(SolutionProperties) = preSolution
		HideSolutionNode = FALSE
	EndGlobalSection
	GlobalSection(ExtensibilityGlobals) = postSolution
		SolutionGuid = {8FFA22CE-DDA1-4FA9-96A0-65E97EDA2FDF}
	EndGlobalSection
EndGlobal
